
Microsoft Visual Studio Solution File, Format Version 12.00
# Visual Studio Version 16
VisualStudioVersion = 16.0.31313.79
MinimumVisualStudioVersion = 10.0.40219.1
Project("{9A19103F-16F7-4668-BE54-9A1E7A4F7556}") = "DataAccess", "DataAccess\DataAccess.csproj", "{A0EB9F4C-E297-4B3F-8DDC-41CE95B51DE4}"
EndProject
Project("{9A19103F-16F7-4668-BE54-9A1E7A4F7556}") = "Entities", "Entities\Entities.csproj", "{FE9E08F3-3E7D-4AEA-8B23-50B8C806F9FD}"
EndProject
Project("{9A19103F-16F7-4668-BE54-9A1E7A4F7556}") = "ConsoleUI", "ConsoleUI\ConsoleUI.csproj", "{821301CA-93ED-4784-B23D-BFF5D430DA58}"
EndProject
Project("{9A19103F-16F7-4668-BE54-9A1E7A4F7556}") = "Business", "Business\Business.csproj", "{E12E8F06-9991-47A7-AE55-128A0D06A45C}"
EndProject
Project("{9A19103F-16F7-4668-BE54-9A1E7A4F7556}") = "Core", "Core\Core.csproj", "{184C66B9-0F5B-4A3F-A2ED-FC69F05D581E}"
EndProject
Project("{9A19103F-16F7-4668-BE54-9A1E7A4F7556}") = "WebAPI", "..\..\..\Desktop\WebAPI\WebAPI.csproj", "{79257914-7CFA-4D00-8842-065D412680A3}"
EndProject
Global
	GlobalSection(SolutionConfigurationPlatforms) = preSolution
		Debug|Any CPU = Debug|Any CPU
		Release|Any CPU = Release|Any CPU
	EndGlobalSection
	GlobalSection(ProjectConfigurationPlatforms) = postSolution
		{A0EB9F4C-E297-4B3F-8DDC-41CE95B51DE4}.Debug|Any CPU.ActiveCfg = Debug|Any CPU
		{A0EB9F4C-E297-4B3F-8DDC-41CE95B51DE4}.Debug|Any CPU.Build.0 = Debug|Any CPU
		{A0EB9F4C-E297-4B3F-8DDC-41CE95B51DE4}.Release|Any CPU.ActiveCfg = Release|Any CPU
		{A0EB9F4C-E297-4B3F-8DDC-41CE95B51DE4}.Release|Any CPU.Build.0 = Release|Any CPU
		{FE9E08F3-3E7D-4AEA-8B23-50B8C806F9FD}.Debug|Any CPU.ActiveCfg = Debug|Any CPU
		{FE9E08F3-3E7D-4AEA-8B23-50B8C806F9FD}.Debug|Any CPU.Build.0 = Debug|Any CPU
		{FE9E08F3-3E7D-4AEA-8B23-50B8C806F9FD}.Release|Any CPU.ActiveCfg = Release|Any CPU
		{FE9E08F3-3E7D-4AEA-8B23-50B8C806F9FD}.Release|Any CPU.Build.0 = Release|Any CPU
		{821301CA-93ED-4784-B23D-BFF5D430DA58}.Debug|Any CPU.ActiveCfg = Debug|Any CPU
		{821301CA-93ED-4784-B23D-BFF5D430DA58}.Debug|Any CPU.Build.0 = Debug|Any CPU
		{821301CA-93ED-4784-B23D-BFF5D430DA58}.Release|Any CPU.ActiveCfg = Release|Any CPU
		{821301CA-93ED-4784-B23D-BFF5D430DA58}.Release|Any CPU.Build.0 = Release|Any CPU
		{E12E8F06-9991-47A7-AE55-128A0D06A45C}.Debug|Any CPU.ActiveCfg = Debug|Any CPU
		{E12E8F06-9991-47A7-AE55-128A0D06A45C}.Debug|Any CPU.Build.0 = Debug|Any CPU
		{E12E8F06-9991-47A7-AE55-128A0D06A45C}.Release|Any CPU.ActiveCfg = Release|Any CPU
		{E12E8F06-9991-47A7-AE55-128A0D06A45C}.Release|Any CPU.Build.0 = Release|Any CPU
		{184C66B9-0F5B-4A3F-A2ED-FC69F05D581E}.Debug|Any CPU.ActiveCfg = Debug|Any CPU
		{184C66B9-0F5B-4A3F-A2ED-FC69F05D581E}.Debug|Any CPU.Build.0 = Debug|Any CPU
		{184C66B9-0F5B-4A3F-A2ED-FC69F05D581E}.Release|Any CPU.ActiveCfg = Release|Any CPU
		{184C66B9-0F5B-4A3F-A2ED-FC69F05D581E}.Release|Any CPU.Build.0 = Release|Any CPU
		{79257914-7CFA-4D00-8842-065D412680A3}.Debug|Any CPU.ActiveCfg = Debug|Any CPU
		{79257914-7CFA-4D00-8842-065D412680A3}.Debug|Any CPU.Build.0 = Debug|Any CPU
		{79257914-7CFA-4D00-8842-065D412680A3}.Release|Any CPU.ActiveCfg = Release|Any CPU
		{79257914-7CFA-4D00-8842-065D412680A3}.Release|Any CPU.Build.0 = Release|Any CPU
	EndGlobalSection
	GlobalSection(SolutionProperties) = preSolution
		HideSolutionNode = FALSE
	EndGlobalSection
	GlobalSection(ExtensibilityGlobals) = postSolution
		SolutionGuid = {2C8973AD-A1A2-4E93-AEEE-B278872A2425}
	EndGlobalSection
EndGlobal
